<Solution>
  <Folder Name="/deploy/" />
  <Folder Name="/deploy/rpi5/">
    <File Path="../deploy/rpi5/apply.sh" />
    <File Path="../deploy/rpi5/Deploy-WebUI.ps1" />
    <File Path="../deploy/rpi5/docker-compose.yml" />
    <File Path="../deploy/rpi5/README.md" />
  </Folder>
  <Folder Name="/docs/">
    <File Path="../CLAUDE.md" />
    <File Path="../docs/architecture.md" />
    <File Path="../docs/coding-guidelines.md" />
    <File Path="../docs/devplan.md" />
    <File Path="../docs/rules.md" />
    <File Path="../README.md" />
  </Folder>
  <Folder Name="/docs/UI/">
    <File Path="../docs/UI/GwiOS.WebUI.Design.html" />
    <File Path="../docs/UI/ui-rules.md" />
  </Folder>
  <Folder Name="/src/">
    <Project Path="GwiOS.Core/GwiOS.Core.csproj" Id="aca45ff9-131c-4bdc-9602-f87aa9751170" />
    <Project Path="GwiOS.WebUI/GwiOS.WebUI.csproj" Id="6664335d-ee52-41ea-beaf-b0081bdac66b" />
  </Folder>
  <Folder Name="/tests/">
    <Project Path="../tests/GwiOS.Core.Tests/GwiOS.Core.Tests.csproj" Id="66723102-24fc-413b-8d81-cb3944a84d20" />
    <Project Path="../tests/GwiOS.WebUI.Tests/GwiOS.WebUI.Tests.csproj" />
  </Folder>
</Solution>
